
Microsoft Visual Studio Solution File, Format Version 12.00
# Visual Studio Version 17
VisualStudioVersion = 17.4.33213.308
MinimumVisualStudioVersion = 10.0.40219.1
Project("{9A19103F-16F7-4668-BE54-9A1E7A4F7556}") = "Variables", "Variables\Variables.csproj", "{38445CA6-2647-45C9-8AD4-89B64018E8CF}"
EndProject
Project("{9A19103F-16F7-4668-BE54-9A1E7A4F7556}") = "TiposDeDato", "TiposDeDato\TiposDeDato.csproj", "{94F140B4-5E2F-40BE-BA18-BBEE230038FE}"
EndProject
Project("{9A19103F-16F7-4668-BE54-9A1E7A4F7556}") = "Funciones", "Funciones\Funciones.csproj", "{FFEE6206-6C75-4205-8842-4156D3B7F8C9}"
EndProject
Project("{9A19103F-16F7-4668-BE54-9A1E7A4F7556}") = "IfStatement", "IfStatement\IfStatement.csproj", "{48098B9B-BDDD-43BE-877A-C352946EA5E9}"
EndProject
Project("{9A19103F-16F7-4668-BE54-9A1E7A4F7556}") = "SwitchCase", "SwitchCase\SwitchCase.csproj", "{B078D311-E56E-4B63-8A2F-E1D58658BA44}"
EndProject
Project("{9A19103F-16F7-4668-BE54-9A1E7A4F7556}") = "Arreglos", "Arreglos\Arreglos.csproj", "{178BF464-3ACE-4AC6-B43E-283BD93B5068}"
EndProject
Project("{9A19103F-16F7-4668-BE54-9A1E7A4F7556}") = "While", "While\While.csproj", "{6A08EF82-AF12-4A60-BAA0-F4DEE15545D9}"
EndProject
Project("{9A19103F-16F7-4668-BE54-9A1E7A4F7556}") = "ForStatement", "ForStatement\ForStatement.csproj", "{F48C05FE-7BAC-43D1-AAB4-C2A4A9D6FEBF}"
EndProject
Project("{9A19103F-16F7-4668-BE54-9A1E7A4F7556}") = "ClasesYObjetos", "ClasesYObjetos\ClasesYObjetos.csproj", "{54489A98-48F7-45DC-880D-9940BAF8FBE8}"
EndProject
Project("{9A19103F-16F7-4668-BE54-9A1E7A4F7556}") = "Propiedades", "Propiedades\Propiedades.csproj", "{AD85AA61-35BC-4FF5-AE56-47DF726D6586}"
EndProject
Project("{9A19103F-16F7-4668-BE54-9A1E7A4F7556}") = "Herencia", "Herencia\Herencia.csproj", "{557FE635-8F7C-4EB0-ACEA-708EA114B078}"
EndProject
Project("{9A19103F-16F7-4668-BE54-9A1E7A4F7556}") = "Sobrecarga", "Sobrecarga\Sobrecarga.csproj", "{DE7D9AA5-85BA-4B37-B29F-BD50E9694910}"
EndProject
Project("{FAE04EC0-301F-11D3-BF4B-00C04F79EFBC}") = "Sobreescritura", "Sobreescritura\Sobreescritura.csproj", "{4F61AAE0-039B-4738-9BAF-4085D46A93B5}"
EndProject
Project("{FAE04EC0-301F-11D3-BF4B-00C04F79EFBC}") = "Static", "Static\Static.csproj", "{A4F91BA8-04E2-44A4-B63A-C2BC4AAEC12A}"
EndProject
Project("{FAE04EC0-301F-11D3-BF4B-00C04F79EFBC}") = "Interface", "Interface\Interface.csproj", "{A3C02116-844B-48D8-B1F1-D70A709BC3C5}"
EndProject
Project("{FAE04EC0-301F-11D3-BF4B-00C04F79EFBC}") = "Generic", "Generic\Generic.csproj", "{D9439C9D-A266-4009-9A9C-951CE0870998}"
EndProject
Project("{FAE04EC0-301F-11D3-BF4B-00C04F79EFBC}") = "Json", "Json\Json.csproj", "{5A54082F-A757-4575-9DD5-82D0868F68EC}"
EndProject
Global
	GlobalSection(SolutionConfigurationPlatforms) = preSolution
		Debug|Any CPU = Debug|Any CPU
		Release|Any CPU = Release|Any CPU
	EndGlobalSection
	GlobalSection(ProjectConfigurationPlatforms) = postSolution
		{38445CA6-2647-45C9-8AD4-89B64018E8CF}.Debug|Any CPU.ActiveCfg = Debug|Any CPU
		{38445CA6-2647-45C9-8AD4-89B64018E8CF}.Debug|Any CPU.Build.0 = Debug|Any CPU
		{38445CA6-2647-45C9-8AD4-89B64018E8CF}.Release|Any CPU.ActiveCfg = Release|Any CPU
		{38445CA6-2647-45C9-8AD4-89B64018E8CF}.Release|Any CPU.Build.0 = Release|Any CPU
		{94F140B4-5E2F-40BE-BA18-BBEE230038FE}.Debug|Any CPU.ActiveCfg = Debug|Any CPU
		{94F140B4-5E2F-40BE-BA18-BBEE230038FE}.Debug|Any CPU.Build.0 = Debug|Any CPU
		{94F140B4-5E2F-40BE-BA18-BBEE230038FE}.Release|Any CPU.ActiveCfg = Release|Any CPU
		{94F140B4-5E2F-40BE-BA18-BBEE230038FE}.Release|Any CPU.Build.0 = Release|Any CPU
		{FFEE6206-6C75-4205-8842-4156D3B7F8C9}.Debug|Any CPU.ActiveCfg = Debug|Any CPU
		{FFEE6206-6C75-4205-8842-4156D3B7F8C9}.Debug|Any CPU.Build.0 = Debug|Any CPU
		{FFEE6206-6C75-4205-8842-4156D3B7F8C9}.Release|Any CPU.ActiveCfg = Release|Any CPU
		{FFEE6206-6C75-4205-8842-4156D3B7F8C9}.Release|Any CPU.Build.0 = Release|Any CPU
		{48098B9B-BDDD-43BE-877A-C352946EA5E9}.Debug|Any CPU.ActiveCfg = Debug|Any CPU
		{48098B9B-BDDD-43BE-877A-C352946EA5E9}.Debug|Any CPU.Build.0 = Debug|Any CPU
		{48098B9B-BDDD-43BE-877A-C352946EA5E9}.Release|Any CPU.ActiveCfg = Release|Any CPU
		{48098B9B-BDDD-43BE-877A-C352946EA5E9}.Release|Any CPU.Build.0 = Release|Any CPU
		{B078D311-E56E-4B63-8A2F-E1D58658BA44}.Debug|Any CPU.ActiveCfg = Debug|Any CPU
		{B078D311-E56E-4B63-8A2F-E1D58658BA44}.Debug|Any CPU.Build.0 = Debug|Any CPU
		{B078D311-E56E-4B63-8A2F-E1D58658BA44}.Release|Any CPU.ActiveCfg = Release|Any CPU
		{B078D311-E56E-4B63-8A2F-E1D58658BA44}.Release|Any CPU.Build.0 = Release|Any CPU
		{178BF464-3ACE-4AC6-B43E-283BD93B5068}.Debug|Any CPU.ActiveCfg = Debug|Any CPU
		{178BF464-3ACE-4AC6-B43E-283BD93B5068}.Debug|Any CPU.Build.0 = Debug|Any CPU
		{178BF464-3ACE-4AC6-B43E-283BD93B5068}.Release|Any CPU.ActiveCfg = Release|Any CPU
		{178BF464-3ACE-4AC6-B43E-283BD93B5068}.Release|Any CPU.Build.0 = Release|Any CPU
		{6A08EF82-AF12-4A60-BAA0-F4DEE15545D9}.Debug|Any CPU.ActiveCfg = Debug|Any CPU
		{6A08EF82-AF12-4A60-BAA0-F4DEE15545D9}.Debug|Any CPU.Build.0 = Debug|Any CPU
		{6A08EF82-AF12-4A60-BAA0-F4DEE15545D9}.Release|Any CPU.ActiveCfg = Release|Any CPU
		{6A08EF82-AF12-4A60-BAA0-F4DEE15545D9}.Release|Any CPU.Build.0 = Release|Any CPU
		{F48C05FE-7BAC-43D1-AAB4-C2A4A9D6FEBF}.Debug|Any CPU.ActiveCfg = Debug|Any CPU
		{F48C05FE-7BAC-43D1-AAB4-C2A4A9D6FEBF}.Debug|Any CPU.Build.0 = Debug|Any CPU
		{F48C05FE-7BAC-43D1-AAB4-C2A4A9D6FEBF}.Release|Any CPU.ActiveCfg = Release|Any CPU
		{F48C05FE-7BAC-43D1-AAB4-C2A4A9D6FEBF}.Release|Any CPU.Build.0 = Release|Any CPU
		{54489A98-48F7-45DC-880D-9940BAF8FBE8}.Debug|Any CPU.ActiveCfg = Debug|Any CPU
		{54489A98-48F7-45DC-880D-9940BAF8FBE8}.Debug|Any CPU.Build.0 = Debug|Any CPU
		{54489A98-48F7-45DC-880D-9940BAF8FBE8}.Release|Any CPU.ActiveCfg = Release|Any CPU
		{54489A98-48F7-45DC-880D-9940BAF8FBE8}.Release|Any CPU.Build.0 = Release|Any CPU
		{AD85AA61-35BC-4FF5-AE56-47DF726D6586}.Debug|Any CPU.ActiveCfg = Debug|Any CPU
		{AD85AA61-35BC-4FF5-AE56-47DF726D6586}.Debug|Any CPU.Build.0 = Debug|Any CPU
		{AD85AA61-35BC-4FF5-AE56-47DF726D6586}.Release|Any CPU.ActiveCfg = Release|Any CPU
		{AD85AA61-35BC-4FF5-AE56-47DF726D6586}.Release|Any CPU.Build.0 = Release|Any CPU
		{557FE635-8F7C-4EB0-ACEA-708EA114B078}.Debug|Any CPU.ActiveCfg = Debug|Any CPU
		{557FE635-8F7C-4EB0-ACEA-708EA114B078}.Debug|Any CPU.Build.0 = Debug|Any CPU
		{557FE635-8F7C-4EB0-ACEA-708EA114B078}.Release|Any CPU.ActiveCfg = Release|Any CPU
		{557FE635-8F7C-4EB0-ACEA-708EA114B078}.Release|Any CPU.Build.0 = Release|Any CPU
		{DE7D9AA5-85BA-4B37-B29F-BD50E9694910}.Debug|Any CPU.ActiveCfg = Debug|Any CPU
		{DE7D9AA5-85BA-4B37-B29F-BD50E9694910}.Debug|Any CPU.Build.0 = Debug|Any CPU
		{DE7D9AA5-85BA-4B37-B29F-BD50E9694910}.Release|Any CPU.ActiveCfg = Release|Any CPU
		{DE7D9AA5-85BA-4B37-B29F-BD50E9694910}.Release|Any CPU.Build.0 = Release|Any CPU
		{4F61AAE0-039B-4738-9BAF-4085D46A93B5}.Debug|Any CPU.ActiveCfg = Debug|Any CPU
		{4F61AAE0-039B-4738-9BAF-4085D46A93B5}.Debug|Any CPU.Build.0 = Debug|Any CPU
		{4F61AAE0-039B-4738-9BAF-4085D46A93B5}.Release|Any CPU.ActiveCfg = Release|Any CPU
		{4F61AAE0-039B-4738-9BAF-4085D46A93B5}.Release|Any CPU.Build.0 = Release|Any CPU
		{A4F91BA8-04E2-44A4-B63A-C2BC4AAEC12A}.Debug|Any CPU.ActiveCfg = Debug|Any CPU
		{A4F91BA8-04E2-44A4-B63A-C2BC4AAEC12A}.Debug|Any CPU.Build.0 = Debug|Any CPU
		{A4F91BA8-04E2-44A4-B63A-C2BC4AAEC12A}.Release|Any CPU.ActiveCfg = Release|Any CPU
		{A4F91BA8-04E2-44A4-B63A-C2BC4AAEC12A}.Release|Any CPU.Build.0 = Release|Any CPU
		{A3C02116-844B-48D8-B1F1-D70A709BC3C5}.Debug|Any CPU.ActiveCfg = Debug|Any CPU
		{A3C02116-844B-48D8-B1F1-D70A709BC3C5}.Debug|Any CPU.Build.0 = Debug|Any CPU
		{A3C02116-844B-48D8-B1F1-D70A709BC3C5}.Release|Any CPU.ActiveCfg = Release|Any CPU
		{A3C02116-844B-48D8-B1F1-D70A709BC3C5}.Release|Any CPU.Build.0 = Release|Any CPU
		{D9439C9D-A266-4009-9A9C-951CE0870998}.Debug|Any CPU.ActiveCfg = Debug|Any CPU
		{D9439C9D-A266-4009-9A9C-951CE0870998}.Debug|Any CPU.Build.0 = Debug|Any CPU
		{D9439C9D-A266-4009-9A9C-951CE0870998}.Release|Any CPU.ActiveCfg = Release|Any CPU
		{D9439C9D-A266-4009-9A9C-951CE0870998}.Release|Any CPU.Build.0 = Release|Any CPU
		{5A54082F-A757-4575-9DD5-82D0868F68EC}.Debug|Any CPU.ActiveCfg = Debug|Any CPU
		{5A54082F-A757-4575-9DD5-82D0868F68EC}.Debug|Any CPU.Build.0 = Debug|Any CPU
		{5A54082F-A757-4575-9DD5-82D0868F68EC}.Release|Any CPU.ActiveCfg = Release|Any CPU
		{5A54082F-A757-4575-9DD5-82D0868F68EC}.Release|Any CPU.Build.0 = Release|Any CPU
	EndGlobalSection
	GlobalSection(SolutionProperties) = preSolution
		HideSolutionNode = FALSE
	EndGlobalSection
	GlobalSection(ExtensibilityGlobals) = postSolution
		SolutionGuid = {BEE9C90A-803D-426E-8249-42DD1A41F3F1}
	EndGlobalSection
EndGlobal
